
Microsoft Visual Studio Solution File, Format Version 12.00
# Visual Studio Version 16
VisualStudioVersion = 16.0.30804.86
MinimumVisualStudioVersion = 10.0.40219.1
Project("{FAE04EC0-301F-11D3-BF4B-00C04F79EFBC}") = "Online_razmjena", "Online_razmjena\Online_razmjena.csproj", "{5D415C3E-4FA7-4AE2-B319-39AA5DEE4B98}"
EndProject
Global
	GlobalSection(SolutionConfigurationPlatforms) = preSolution
		Debug|Any CPU = Debug|Any CPU
		Release|Any CPU = Release|Any CPU
	EndGlobalSection
	GlobalSection(ProjectConfigurationPlatforms) = postSolution
		{5D415C3E-4FA7-4AE2-B319-39AA5DEE4B98}.Debug|Any CPU.ActiveCfg = Debug|Any CPU
		{5D415C3E-4FA7-4AE2-B319-39AA5DEE4B98}.Debug|Any CPU.Build.0 = Debug|Any CPU
		{5D415C3E-4FA7-4AE2-B319-39AA5DEE4B98}.Release|Any CPU.ActiveCfg = Release|Any CPU
		{5D415C3E-4FA7-4AE2-B319-39AA5DEE4B98}.Release|Any CPU.Build.0 = Release|Any CPU
	EndGlobalSection
	GlobalSection(SolutionProperties) = preSolution
		HideSolutionNode = FALSE
	EndGlobalSection
	GlobalSection(ExtensibilityGlobals) = postSolution
		SolutionGuid = {D187F305-31DD-423C-81E0-F12C0E0ECB65}
	EndGlobalSection
EndGlobal
